
Microsoft Visual Studio Solution File, Format Version 12.00
# Visual Studio Version 17
VisualStudioVersion = 17.13.35825.156 d17.13
MinimumVisualStudioVersion = 10.0.40219.1
Project("{FAE04EC0-301F-11D3-BF4B-00C04F79EFBC}") = "Tutorial4Ex2", "Tutorial4Ex2\Tutorial4Ex2.csproj", "{67DA43B2-BD26-4A68-AA9B-8640A2F2FFC5}"
EndProject
Global
	GlobalSection(SolutionConfigurationPlatforms) = preSolution
		Debug|Any CPU = Debug|Any CPU
		Release|Any CPU = Release|Any CPU
	EndGlobalSection
	GlobalSection(ProjectConfigurationPlatforms) = postSolution
		{67DA43B2-BD26-4A68-AA9B-8640A2F2FFC5}.Debug|Any CPU.ActiveCfg = Debug|Any CPU
		{67DA43B2-BD26-4A68-AA9B-8640A2F2FFC5}.Debug|Any CPU.Build.0 = Debug|Any CPU
		{67DA43B2-BD26-4A68-AA9B-8640A2F2FFC5}.Release|Any CPU.ActiveCfg = Release|Any CPU
		{67DA43B2-BD26-4A68-AA9B-8640A2F2FFC5}.Release|Any CPU.Build.0 = Release|Any CPU
	EndGlobalSection
	GlobalSection(SolutionProperties) = preSolution
		HideSolutionNode = FALSE
	EndGlobalSection
	GlobalSection(ExtensibilityGlobals) = postSolution
		SolutionGuid = {EA2D869F-1190-4A9D-9131-6ACAB7335358}
	EndGlobalSection
EndGlobal
